Microsoft Visual Studio Solution File, Format Version 11.00
# Visual Studio 2010
Project("{B800064A-395B-927F-3E97-B20F5712F54B}") = "skinTest", "skinTest.vcxproj", "{43CF5CDD-5FFA-64D6-71AC-2210593432AC}"
EndProject
Global
	GlobalSection(SolutionConfigurationPlatforms) = preSolution
		Debug|Win32 = Debug|Win32
		Release|Win32 = Release|Win32
	EndGlobalSection
	GlobalSection(ProjectConfigurationPlatforms) = postSolution
		{43CF5CDD-5FFA-64D6-71AC-2210593432AC}.Debug|Win32.ActiveCfg = Debug|Win32
		{43CF5CDD-5FFA-64D6-71AC-2210593432AC}.Debug|Win32.Build.0 = Debug|Win32
		{43CF5CDD-5FFA-64D6-71AC-2210593432AC}.Release|Win32.ActiveCfg = Release|Win32
		{43CF5CDD-5FFA-64D6-71AC-2210593432AC}.Release|Win32.Build.0 = Release|Win32
	EndGlobalSection
	GlobalSection(SolutionProperties) = preSolution
		HideSolutionNode = FALSE
	EndGlobalSection
EndGlobal
